{
  "name": "proyecto-final-dam",
  "lockfileVersion": 3,
  "requires": true,
  "packages": {
    "": {
      "dependencies": {
        "@angular/cdk": "^21.1.4",
        "@angular/material": "^21.1.4",
        "apollo-angular": "^13.0.0",
        "chart.js": "^4.5.1",
        "graphql": "^16.12.0",
        "ng2-charts": "^8.0.0"
      }
    },
    "node_modules/@angular/cdk": {
      "version": "21.1.4",
      "resolved": "https://registry.npmjs.org/@angular/cdk/-/cdk-21.1.4.tgz",
      "integrity": "sha512-PElA4Ww4TIa3+B/ND+fm8ZPDKONTIqc9a/s0qNxhcAD9IpDqjaBVi/fyg+ZWBtS+x0DQgJtKeCsSZ6sr2aFQaQ==",
      "license": "MIT",
      "peer": true,
      "dependencies": {
        "parse5": "^8.0.0",
        "tslib": "^2.3.0"
      },
      "peerDependencies": {
        "@angular/common": "^21.0.0 || ^22.0.0",
        "@angular/core": "^21.0.0 || ^22.0.0",
        "@angular/platform-browser": "^21.0.0 || ^22.0.0",
        "rxjs": "^6.5.3 || ^7.4.0"
      }
    },
    "node_modules/@angular/common": {
      "version": "21.1.4",
      "resolved": "https://registry.npmjs.org/@angular/common/-/common-21.1.4.tgz",
      "integrity": "sha512-1uOxPrHO9PFZBU/JavzYzjxAm+5x7vD2z6AeUndqdT4LjqOBIePswxFDRqM9dlfF8FIwnnfmNFipiC/yQjJSnA==",
      "license": "MIT",
      "peer": true,
      "dependencies": {
        "tslib": "^2.3.0"
      },
      "engines": {
        "node": "^20.19.0 || ^22.12.0 || >=24.0.0"
      },
      "peerDependencies": {
        "@angular/core": "21.1.4",
        "rxjs": "^6.5.3 || ^7.4.0"
      }
    },
    "node_modules/@angular/core": {
      "version": "21.1.4",
      "resolved": "https://registry.npmjs.org/@angular/core/-/core-21.1.4.tgz",
      "integrity": "sha512-QBDO5SaVYTVQ0fIN9Qd7US9cUCgs2vM9x6K18PTUKmygIkHVHTFdzwm4MO5gpCOFzJseGbS+dNzqn+v0PaKf9g==",
      "license": "MIT",
      "peer": true,
      "dependencies": {
        "tslib": "^2.3.0"
      },
      "engines": {
        "node": "^20.19.0 || ^22.12.0 || >=24.0.0"
      },
      "peerDependencies": {
        "@angular/compiler": "21.1.4",
        "rxjs": "^6.5.3 || ^7.4.0",
        "zone.js": "~0.15.0 || ~0.16.0"
      },
      "peerDependenciesMeta": {
        "@angular/compiler": {
          "optional": true
        },
        "zone.js": {
          "optional": true
        }
      }
    },
    "node_modules/@angular/forms": {
      "version": "21.1.4",
      "resolved": "https://registry.npmjs.org/@angular/forms/-/forms-21.1.4.tgz",
      "integrity": "sha512-duVT/eOncmFNBYRlK/F7WDg6GD1vL1mxUrDdnp7M9J8JvNrKH0PvdfzuOAmjbB8/bsvUNTLFXCV4+43Mc2Hqsw==",
      "license": "MIT",
      "peer": true,
      "dependencies": {
        "@standard-schema/spec": "^1.0.0",
        "tslib": "^2.3.0"
      },
      "engines": {
        "node": "^20.19.0 || ^22.12.0 || >=24.0.0"
      },
      "peerDependencies": {
        "@angular/common": "21.1.4",
        "@angular/core": "21.1.4",
        "@angular/platform-browser": "21.1.4",
        "rxjs": "^6.5.3 || ^7.4.0"
      }
    },
    "node_modules/@angular/material": {
      "version": "21.1.4",
      "resolved": "https://registry.npmjs.org/@angular/material/-/material-21.1.4.tgz",
      "integrity": "sha512-Vte+4os5JexhtaPk7Duk5bIC+zU5SYF7ZHUnpmAJxW0u4D4C9lpTVepm2bfMVV2AxHjHVAnW+/anINIS401UsA==",
      "license": "MIT",
      "dependencies": {
        "tslib": "^2.3.0"
      },
      "peerDependencies": {
        "@angular/cdk": "21.1.4",
        "@angular/common": "^21.0.0 || ^22.0.0",
        "@angular/core": "^21.0.0 || ^22.0.0",
        "@angular/forms": "^21.0.0 || ^22.0.0",
        "@angular/platform-browser": "^21.0.0 || ^22.0.0",
        "rxjs": "^6.5.3 || ^7.4.0"
      }
    },
    "node_modules/@angular/platform-browser": {
      "version": "21.1.4",
      "resolved": "https://registry.npmjs.org/@angular/platform-browser/-/platform-browser-21.1.4.tgz",
      "integrity": "sha512-S6Iw5CkORih5omh+MQY35w0bUBxdSFAPLDg386S6/9fEUjDClo61hvXNKxaNh9g7tnh1LD7zmTmKrqufnhnFDQ==",
      "license": "MIT",
      "peer": true,
      "dependencies": {
        "tslib": "^2.3.0"
      },
      "engines": {
        "node": "^20.19.0 || ^22.12.0 || >=24.0.0"
      },
      "peerDependencies": {
        "@angular/animations": "21.1.4",
        "@angular/common": "21.1.4",
        "@angular/core": "21.1.4"
      },
      "peerDependenciesMeta": {
        "@angular/animations": {
          "optional": true
        }
      }
    },
    "node_modules/@apollo/client": {
      "version": "4.1.4",
      "resolved": "https://registry.npmjs.org/@apollo/client/-/client-4.1.4.tgz",
      "integrity": "sha512-bTbxPHGXDMcYyQuWcYOzvWBHHJ+5ehvH3uKhd3+jI8X3ZPgWlfiI0MYN3r2exq/SNo5/TbL1p+bzQnE1xf+5tg==",
      "license": "MIT",
      "peer": true,
      "workspaces": [
        "dist",
        "codegen",
        "scripts/codemods/ac3-to-ac4"
      ],
      "dependencies": {
        "@graphql-typed-document-node/core": "^3.1.1",
        "@wry/caches": "^1.0.0",
        "@wry/equality": "^0.5.6",
        "@wry/trie": "^0.5.0",
        "graphql-tag": "^2.12.6",
        "optimism": "^0.18.0",
        "tslib": "^2.3.0"
      },
      "peerDependencies": {
        "graphql": "^16.0.0",
        "graphql-ws": "^5.5.5 || ^6.0.3",
        "react": "^17.0.0 || ^18.0.0 || >=19.0.0-rc",
        "react-dom": "^17.0.0 || ^18.0.0 || >=19.0.0-rc",
        "rxjs": "^7.3.0",
        "subscriptions-transport-ws": "^0.9.0 || ^0.11.0"
      },
      "peerDependenciesMeta": {
        "graphql-ws": {
          "optional": true
        },
        "react": {
          "optional": true
        },
        "react-dom": {
          "optional": true
        },
        "subscriptions-transport-ws": {
          "optional": true
        }
      }
    },
    "node_modules/@graphql-typed-document-node/core": {
      "version": "3.2.0",
      "resolved": "https://registry.npmjs.org/@graphql-typed-document-node/core/-/core-3.2.0.tgz",
      "integrity": "sha512-mB9oAsNCm9aM3/SOv4YtBMqZbYj10R7dkq8byBqxGY/ncFwhf2oQzMV+LCRlWoDSEBJ3COiR1yeDvMtsoOsuFQ==",
      "license": "MIT",
      "peerDependencies": {
        "graphql": "^0.8.0 || ^0.9.0 || ^0.10.0 || ^0.11.0 || ^0.12.0 || ^0.13.0 || ^14.0.0 || ^15.0.0 || ^16.0.0 || ^17.0.0"
      }
    },
    "node_modules/@kurkle/color": {
      "version": "0.3.4",
      "resolved": "https://registry.npmjs.org/@kurkle/color/-/color-0.3.4.tgz",
      "integrity": "sha512-M5UknZPHRu3DEDWoipU6sE8PdkZ6Z/S+v4dD+Ke8IaNlpdSQah50lz1KtcFBa2vsdOnwbbnxJwVM4wty6udA5w==",
      "license": "MIT"
    },
    "node_modules/@standard-schema/spec": {
      "version": "1.1.0",
      "resolved": "https://registry.npmjs.org/@standard-schema/spec/-/spec-1.1.0.tgz",
      "integrity": "sha512-l2aFy5jALhniG5HgqrD6jXLi/rUWrKvqN/qJx6yoJsgKhblVd+iqqU4RCXavm/jPityDo5TCvKMnpjKnOriy0w==",
      "license": "MIT"
    },
    "node_modules/@wry/caches": {
      "version": "1.0.1",
      "resolved": "https://registry.npmjs.org/@wry/caches/-/caches-1.0.1.tgz",
      "integrity": "sha512-bXuaUNLVVkD20wcGBWRyo7j9N3TxePEWFZj2Y+r9OoUzfqmavM84+mFykRicNsBqatba5JLay1t48wxaXaWnlA==",
      "license": "MIT",
      "dependencies": {
        "tslib": "^2.3.0"
      },
      "engines": {
        "node": ">=8"
      }
    },
    "node_modules/@wry/context": {
      "version": "0.7.4",
      "resolved": "https://registry.npmjs.org/@wry/context/-/context-0.7.4.tgz",
      "integrity": "sha512-jmT7Sb4ZQWI5iyu3lobQxICu2nC/vbUhP0vIdd6tHC9PTfenmRmuIFqktc6GH9cgi+ZHnsLWPvfSvc4DrYmKiQ==",
      "license": "MIT",
      "dependencies": {
        "tslib": "^2.3.0"
      },
      "engines": {
        "node": ">=8"
      }
    },
    "node_modules/@wry/equality": {
      "version": "0.5.7",
      "resolved": "https://registry.npmjs.org/@wry/equality/-/equality-0.5.7.tgz",
      "integrity": "sha512-BRFORjsTuQv5gxcXsuDXx6oGRhuVsEGwZy6LOzRRfgu+eSfxbhUQ9L9YtSEIuIjY/o7g3iWFjrc5eSY1GXP2Dw==",
      "license": "MIT",
      "dependencies": {
        "tslib": "^2.3.0"
      },
      "engines": {
        "node": ">=8"
      }
    },
    "node_modules/@wry/trie": {
      "version": "0.5.0",
      "resolved": "https://registry.npmjs.org/@wry/trie/-/trie-0.5.0.tgz",
      "integrity": "sha512-FNoYzHawTMk/6KMQoEG5O4PuioX19UbwdQKF44yw0nLfOypfQdjtfZzo/UIJWAJ23sNIFbD1Ug9lbaDGMwbqQA==",
      "license": "MIT",
      "dependencies": {
        "tslib": "^2.3.0"
      },
      "engines": {
        "node": ">=8"
      }
    },
    "node_modules/apollo-angular": {
      "version": "13.0.0",
      "resolved": "https://registry.npmjs.org/apollo-angular/-/apollo-angular-13.0.0.tgz",
      "integrity": "sha512-ATWoL68J8ZeW4Xn4ZQZnFDF0D+FBF4XloiFAjdqQtSknxZm8mMwCZUvtZy+HQZM05PhOd4qtChpL6wjQnHZv6g==",
      "license": "MIT",
      "dependencies": {
        "tslib": "^2.6.2"
      },
      "engines": {
        "node": ">=16"
      },
      "peerDependencies": {
        "@angular/core": "^19.0.0 || ^20.0.0 || ^21.0.0",
        "@apollo/client": "^4.0.1",
        "graphql": "^16.0.0",
        "rxjs": "^7.8.0"
      }
    },
    "node_modules/chart.js": {
      "version": "4.5.1",
      "resolved": "https://registry.npmjs.org/chart.js/-/chart.js-4.5.1.tgz",
      "integrity": "sha512-GIjfiT9dbmHRiYi6Nl2yFCq7kkwdkp1W/lp2J99rX0yo9tgJGn3lKQATztIjb5tVtevcBtIdICNWqlq5+E8/Pw==",
      "license": "MIT",
      "peer": true,
      "dependencies": {
        "@kurkle/color": "^0.3.0"
      },
      "engines": {
        "pnpm": ">=8"
      }
    },
    "node_modules/entities": {
      "version": "6.0.1",
      "resolved": "https://registry.npmjs.org/entities/-/entities-6.0.1.tgz",
      "integrity": "sha512-aN97NXWF6AWBTahfVOIrB/NShkzi5H7F9r1s9mD3cDj4Ko5f2qhhVoYMibXF7GlLveb/D2ioWay8lxI97Ven3g==",
      "license": "BSD-2-Clause",
      "engines": {
        "node": ">=0.12"
      },
      "funding": {
        "url": "https://github.com/fb55/entities?sponsor=1"
      }
    },
    "node_modules/graphql": {
      "version": "16.12.0",
      "resolved": "https://registry.npmjs.org/graphql/-/graphql-16.12.0.tgz",
      "integrity": "sha512-DKKrynuQRne0PNpEbzuEdHlYOMksHSUI8Zc9Unei5gTsMNA2/vMpoMz/yKba50pejK56qj98qM0SjYxAKi13gQ==",
      "license": "MIT",
      "peer": true,
      "engines": {
        "node": "^12.22.0 || ^14.16.0 || ^16.0.0 || >=17.0.0"
      }
    },
    "node_modules/graphql-tag": {
      "version": "2.12.6",
      "resolved": "https://registry.npmjs.org/graphql-tag/-/graphql-tag-2.12.6.tgz",
      "integrity": "sha512-FdSNcu2QQcWnM2VNvSCCDCVS5PpPqpzgFT8+GXzqJuoDd0CBncxCY278u4mhRO7tMgo2JjgJA5aZ+nWSQ/Z+xg==",
      "license": "MIT",
      "dependencies": {
        "tslib": "^2.1.0"
      },
      "engines": {
        "node": ">=10"
      },
      "peerDependencies": {
        "graphql": "^0.9.0 || ^0.10.0 || ^0.11.0 || ^0.12.0 || ^0.13.0 || ^14.0.0 || ^15.0.0 || ^16.0.0"
      }
    },
    "node_modules/lodash-es": {
      "version": "4.17.23",
      "resolved": "https://registry.npmjs.org/lodash-es/-/lodash-es-4.17.23.tgz",
      "integrity": "sha512-kVI48u3PZr38HdYz98UmfPnXl2DXrpdctLrFLCd3kOx1xUkOmpFPx7gCWWM5MPkL/fD8zb+Ph0QzjGFs4+hHWg==",
      "license": "MIT"
    },
    "node_modules/ng2-charts": {
      "version": "8.0.0",
      "resolved": "https://registry.npmjs.org/ng2-charts/-/ng2-charts-8.0.0.tgz",
      "integrity": "sha512-nofsNHI2Zt+EAwT+BJBVg0kgOhNo9ukO4CxULlaIi7VwZSr7I1km38kWSoU41Oq6os6qqIh5srnL+CcV+RFPFA==",
      "license": "MIT",
      "dependencies": {
        "lodash-es": "^4.17.15",
        "tslib": "^2.3.0"
      },
      "peerDependencies": {
        "@angular/cdk": ">=19.0.0",
        "@angular/common": ">=19.0.0",
        "@angular/core": ">=19.0.0",
        "@angular/platform-browser": ">=19.0.0",
        "chart.js": "^3.4.0 || ^4.0.0",
        "rxjs": "^6.5.3 || ^7.4.0"
      }
    },
    "node_modules/optimism": {
      "version": "0.18.1",
      "resolved": "https://registry.npmjs.org/optimism/-/optimism-0.18.1.tgz",
      "integrity": "sha512-mLXNwWPa9dgFyDqkNi54sjDyNJ9/fTI6WGBLgnXku1vdKY/jovHfZT5r+aiVeFFLOz+foPNOm5YJ4mqgld2GBQ==",
      "license": "MIT",
      "dependencies": {
        "@wry/caches": "^1.0.0",
        "@wry/context": "^0.7.0",
        "@wry/trie": "^0.5.0",
        "tslib": "^2.3.0"
      }
    },
    "node_modules/parse5": {
      "version": "8.0.0",
      "resolved": "https://registry.npmjs.org/parse5/-/parse5-8.0.0.tgz",
      "integrity": "sha512-9m4m5GSgXjL4AjumKzq1Fgfp3Z8rsvjRNbnkVwfu2ImRqE5D0LnY2QfDen18FSY9C573YU5XxSapdHZTZ2WolA==",
      "license": "MIT",
      "dependencies": {
        "entities": "^6.0.0"
      },
      "funding": {
        "url": "https://github.com/inikulin/parse5?sponsor=1"
      }
    },
    "node_modules/rxjs": {
      "version": "7.8.2",
      "resolved": "https://registry.npmjs.org/rxjs/-/rxjs-7.8.2.tgz",
      "integrity": "sha512-dhKf903U/PQZY6boNNtAGdWbG85WAbjT/1xYoZIC7FAY0yWapOBQVsVrDl58W86//e1VpMNBtRV4MaXfdMySFA==",
      "license": "Apache-2.0",
      "peer": true,
      "dependencies": {
        "tslib": "^2.1.0"
      }
    },
    "node_modules/tslib": {
      "version": "2.8.1",
      "resolved": "https://registry.npmjs.org/tslib/-/tslib-2.8.1.tgz",
      "integrity": "sha512-oJFu94HQb+KVduSUQL7wnpmqnfmLsOA/nAh6b6EH0wCEoK0/mPeXU6c3wKDV83MkOuHPRHtSXKKU99IBazS/2w==",
      "license": "0BSD"
    }
  }
}
